// !$*UTF8*$!
{
	archiveVersion = 1;
	classes = {
	};
	objectVersion = 46;
	objects = {

/* Begin PBXBuildFile section */
		0A0FBF7AC09FFABFA1F7A96E /* Pods_VideoCat.framework in Frameworks */ = {isa = PBXBuildFile; fileRef = 3E076CE63B9D46D6BEB25CF3 /* Pods_VideoCat.framework */; };
		5F01AFF61F7417AC0049CD3A /* IMG_5242.MOV in Resources */ = {isa = PBXBuildFile; fileRef = 5F29D2481F7414FD00D41F50 /* IMG_5242.MOV */; };
		5F01AFFB1F741D570049CD3A /* TrackComposition.swift in Sources */ = {isa = PBXBuildFile; fileRef = 5F01AFFA1F741D570049CD3A /* TrackComposition.swift */; };
		5F01AFFD1F741E0E0049CD3A /* TrackPanel.swift in Sources */ = {isa = PBXBuildFile; fileRef = 5F01AFFC1F741E0E0049CD3A /* TrackPanel.swift */; };
		5F01AFFF1F7794370049CD3A /* AssetsViewController.swift in Sources */ = {isa = PBXBuildFile; fileRef = 5F01AFFE1F7794370049CD3A /* AssetsViewController.swift */; };
		5F01B0041F779BEF0049CD3A /* AssetCell.swift in Sources */ = {isa = PBXBuildFile; fileRef = 5F01B0031F779BEF0049CD3A /* AssetCell.swift */; };
		5F01B0071F77A08C0049CD3A /* StringExtension.swift in Sources */ = {isa = PBXBuildFile; fileRef = 5F01B0061F77A08C0049CD3A /* StringExtension.swift */; };
		5F01B00A1F77A2460049CD3A /* AssetsViewModel.swift in Sources */ = {isa = PBXBuildFile; fileRef = 5F01B0091F77A2460049CD3A /* AssetsViewModel.swift */; };
		5F01B00C1F77CF420049CD3A /* MBProgressExtension.swift in Sources */ = {isa = PBXBuildFile; fileRef = 5F01B00B1F77CF420049CD3A /* MBProgressExtension.swift */; };
		5F01B00E1F77EDD30049CD3A /* TrackVideoAssetResource.swift in Sources */ = {isa = PBXBuildFile; fileRef = 5F01B00D1F77EDD30049CD3A /* TrackVideoAssetResource.swift */; };
		5F01B0101F79447B0049CD3A /* PrepareVideoViewController.swift in Sources */ = {isa = PBXBuildFile; fileRef = 5F01B00F1F79447B0049CD3A /* PrepareVideoViewController.swift */; };
		5F01B0131F7949080049CD3A /* VIPlayerView.swift in Sources */ = {isa = PBXBuildFile; fileRef = 5F01B0121F7949080049CD3A /* VIPlayerView.swift */; };
		5F01B0151F794AD40049CD3A /* VIPlayer.swift in Sources */ = {isa = PBXBuildFile; fileRef = 5F01B0141F794AD40049CD3A /* VIPlayer.swift */; };
		5F01B0181F7BD1EF0049CD3A /* TimeRangePickerView.swift in Sources */ = {isa = PBXBuildFile; fileRef = 5F01B0171F7BD1EF0049CD3A /* TimeRangePickerView.swift */; };
		5F01B0211F7BDE540049CD3A /* WaveformView.swift in Sources */ = {isa = PBXBuildFile; fileRef = 5F01B0201F7BDE540049CD3A /* WaveformView.swift */; };
		5F01B0231F7BF34E0049CD3A /* VIAudioFile.swift in Sources */ = {isa = PBXBuildFile; fileRef = 5F01B0221F7BF34E0049CD3A /* VIAudioFile.swift */; };
		5F01B0271F7BFC140049CD3A /* Moon River.mp3 in Resources */ = {isa = PBXBuildFile; fileRef = 5F01B0261F7BFC0F0049CD3A /* Moon River.mp3 */; };
		5F29D2331F73F25B00D41F50 /* TrackItem.swift in Sources */ = {isa = PBXBuildFile; fileRef = 5F29D2321F73F25B00D41F50 /* TrackItem.swift */; };
		5F29D2351F73F41900D41F50 /* TrackConfiguration.swift in Sources */ = {isa = PBXBuildFile; fileRef = 5F29D2341F73F41900D41F50 /* TrackConfiguration.swift */; };
		5F29D2371F73FEE200D41F50 /* TrackResource.swift in Sources */ = {isa = PBXBuildFile; fileRef = 5F29D2361F73FEE200D41F50 /* TrackResource.swift */; };
		5F29D2391F740D9300D41F50 /* TrackVideoResource.swift in Sources */ = {isa = PBXBuildFile; fileRef = 5F29D2381F740D9300D41F50 /* TrackVideoResource.swift */; };
		5F29D2411F74146700D41F50 /* VideoCatTests.swift in Sources */ = {isa = PBXBuildFile; fileRef = 5F29D2401F74146700D41F50 /* VideoCatTests.swift */; };
		5F3A1CB21F528FD5001895DB /* AppDelegate.swift in Sources */ = {isa = PBXBuildFile; fileRef = 5F3A1CB11F528FD5001895DB /* AppDelegate.swift */; };
		5F3A1CB41F528FD5001895DB /* ViewController.swift in Sources */ = {isa = PBXBuildFile; fileRef = 5F3A1CB31F528FD5001895DB /* ViewController.swift */; };
		5F3A1CB71F528FD5001895DB /* Main.storyboard in Resources */ = {isa = PBXBuildFile; fileRef = 5F3A1CB51F528FD5001895DB /* Main.storyboard */; };
		5F3A1CB91F528FD5001895DB /* Assets.xcassets in Resources */ = {isa = PBXBuildFile; fileRef = 5F3A1CB81F528FD5001895DB /* Assets.xcassets */; };
		5F3A1CBC1F528FD5001895DB /* LaunchScreen.storyboard in Resources */ = {isa = PBXBuildFile; fileRef = 5F3A1CBA1F528FD5001895DB /* LaunchScreen.storyboard */; };
/* End PBXBuildFile section */

/* Begin PBXContainerItemProxy section */
		5F29D2431F74146700D41F50 /* PBXContainerItemProxy */ = {
			isa = PBXContainerItemProxy;
			containerPortal = 5F3A1CA61F528FD5001895DB /* Project object */;
			proxyType = 1;
			remoteGlobalIDString = 5F3A1CAD1F528FD5001895DB;
			remoteInfo = VideoCat;
		};
/* End PBXContainerItemProxy section */

/* Begin PBXFileReference section */
		3E076CE63B9D46D6BEB25CF3 /* Pods_VideoCat.framework */ = {isa = PBXFileReference; explicitFileType = wrapper.framework; includeInIndex = 0; path = Pods_VideoCat.framework; sourceTree = BUILT_PRODUCTS_DIR; };
		5F01AFFA1F741D570049CD3A /* TrackComposition.swift */ = {isa = PBXFileReference; lastKnownFileType = sourcecode.swift; path = TrackComposition.swift; sourceTree = "<group>"; };
		5F01AFFC1F741E0E0049CD3A /* TrackPanel.swift */ = {isa = PBXFileReference; lastKnownFileType = sourcecode.swift; path = TrackPanel.swift; sourceTree = "<group>"; };
		5F01AFFE1F7794370049CD3A /* AssetsViewController.swift */ = {isa = PBXFileReference; lastKnownFileType = sourcecode.swift; path = AssetsViewController.swift; sourceTree = "<group>"; };
		5F01B0031F779BEF0049CD3A /* AssetCell.swift */ = {isa = PBXFileReference; lastKnownFileType = sourcecode.swift; path = AssetCell.swift; sourceTree = "<group>"; };
		5F01B0061F77A08C0049CD3A /* StringExtension.swift */ = {isa = PBXFileReference; lastKnownFileType = sourcecode.swift; path = StringExtension.swift; sourceTree = "<group>"; };
		5F01B0091F77A2460049CD3A /* AssetsViewModel.swift */ = {isa = PBXFileReference; lastKnownFileType = sourcecode.swift; path = AssetsViewModel.swift; sourceTree = "<group>"; };
		5F01B00B1F77CF420049CD3A /* MBProgressExtension.swift */ = {isa = PBXFileReference; lastKnownFileType = sourcecode.swift; path = MBProgressExtension.swift; sourceTree = "<group>"; };
		5F01B00D1F77EDD30049CD3A /* TrackVideoAssetResource.swift */ = {isa = PBXFileReference; lastKnownFileType = sourcecode.swift; path = TrackVideoAssetResource.swift; sourceTree = "<group>"; };
		5F01B00F1F79447B0049CD3A /* PrepareVideoViewController.swift */ = {isa = PBXFileReference; lastKnownFileType = sourcecode.swift; path = PrepareVideoViewController.swift; sourceTree = "<group>"; };
		5F01B0121F7949080049CD3A /* VIPlayerView.swift */ = {isa = PBXFileReference; lastKnownFileType = sourcecode.swift; path = VIPlayerView.swift; sourceTree = "<group>"; };
		5F01B0141F794AD40049CD3A /* VIPlayer.swift */ = {isa = PBXFileReference; lastKnownFileType = sourcecode.swift; path = VIPlayer.swift; sourceTree = "<group>"; };
		5F01B0171F7BD1EF0049CD3A /* TimeRangePickerView.swift */ = {isa = PBXFileReference; lastKnownFileType = sourcecode.swift; path = TimeRangePickerView.swift; sourceTree = "<group>"; };
		5F01B0201F7BDE540049CD3A /* WaveformView.swift */ = {isa = PBXFileReference; lastKnownFileType = sourcecode.swift; path = WaveformView.swift; sourceTree = "<group>"; };
		5F01B0221F7BF34E0049CD3A /* VIAudioFile.swift */ = {isa = PBXFileReference; lastKnownFileType = sourcecode.swift; path = VIAudioFile.swift; sourceTree = "<group>"; };
		5F01B0261F7BFC0F0049CD3A /* Moon River.mp3 */ = {isa = PBXFileReference; lastKnownFileType = audio.mp3; path = "Moon River.mp3"; sourceTree = "<group>"; };
		5F29D2321F73F25B00D41F50 /* TrackItem.swift */ = {isa = PBXFileReference; lastKnownFileType = sourcecode.swift; path = TrackItem.swift; sourceTree = "<group>"; };
		5F29D2341F73F41900D41F50 /* TrackConfiguration.swift */ = {isa = PBXFileReference; lastKnownFileType = sourcecode.swift; path = TrackConfiguration.swift; sourceTree = "<group>"; };
		5F29D2361F73FEE200D41F50 /* TrackResource.swift */ = {isa = PBXFileReference; lastKnownFileType = sourcecode.swift; path = TrackResource.swift; sourceTree = "<group>"; };
		5F29D2381F740D9300D41F50 /* TrackVideoResource.swift */ = {isa = PBXFileReference; lastKnownFileType = sourcecode.swift; path = TrackVideoResource.swift; sourceTree = "<group>"; };
		5F29D23E1F74146700D41F50 /* VideoCatTests.xctest */ = {isa = PBXFileReference; explicitFileType = wrapper.cfbundle; includeInIndex = 0; path = VideoCatTests.xctest; sourceTree = BUILT_PRODUCTS_DIR; };
		5F29D2401F74146700D41F50 /* VideoCatTests.swift */ = {isa = PBXFileReference; lastKnownFileType = sourcecode.swift; path = VideoCatTests.swift; sourceTree = "<group>"; };
		5F29D2421F74146700D41F50 /* Info.plist */ = {isa = PBXFileReference; lastKnownFileType = text.plist.xml; path = Info.plist; sourceTree = "<group>"; };
		5F29D2481F7414FD00D41F50 /* IMG_5242.MOV */ = {isa = PBXFileReference; lastKnownFileType = video.quicktime; path = IMG_5242.MOV; sourceTree = "<group>"; };
		5F3A1CAE1F528FD5001895DB /* VideoCat.app */ = {isa = PBXFileReference; explicitFileType = wrapper.application; includeInIndex = 0; path = VideoCat.app; sourceTree = BUILT_PRODUCTS_DIR; };
		5F3A1CB11F528FD5001895DB /* AppDelegate.swift */ = {isa = PBXFileReference; lastKnownFileType = sourcecode.swift; path = AppDelegate.swift; sourceTree = "<group>"; };
		5F3A1CB31F528FD5001895DB /* ViewController.swift */ = {isa = PBXFileReference; lastKnownFileType = sourcecode.swift; path = ViewController.swift; sourceTree = "<group>"; };
		5F3A1CB61F528FD5001895DB /* Base */ = {isa = PBXFileReference; lastKnownFileType = file.storyboard; name = Base; path = Base.lproj/Main.storyboard; sourceTree = "<group>"; };
		5F3A1CB81F528FD5001895DB /* Assets.xcassets */ = {isa = PBXFileReference; lastKnownFileType = folder.assetcatalog; path = Assets.xcassets; sourceTree = "<group>"; };
		5F3A1CBB1F528FD5001895DB /* Base */ = {isa = PBXFileReference; lastKnownFileType = file.storyboard; name = Base; path = Base.lproj/LaunchScreen.storyboard; sourceTree = "<group>"; };
		5F3A1CBD1F528FD5001895DB /* Info.plist */ = {isa = PBXFileReference; lastKnownFileType = text.plist.xml; path = Info.plist; sourceTree = "<group>"; };
		630D23A14081B0921452CF60 /* Pods-VideoCat.release.xcconfig */ = {isa = PBXFileReference; includeInIndex = 1; lastKnownFileType = text.xcconfig; name = "Pods-VideoCat.release.xcconfig"; path = "Pods/Target Support Files/Pods-VideoCat/Pods-VideoCat.release.xcconfig"; sourceTree = "<group>"; };
		8F389E46D65FD18BFE27928E /* Pods-VideoCat.debug.xcconfig */ = {isa = PBXFileReference; includeInIndex = 1; lastKnownFileType = text.xcconfig; name = "Pods-VideoCat.debug.xcconfig"; path = "Pods/Target Support Files/Pods-VideoCat/Pods-VideoCat.debug.xcconfig"; sourceTree = "<group>"; };
/* End PBXFileReference section */

/* Begin PBXFrameworksBuildPhase section */
		5F29D23B1F74146700D41F50 /* Frameworks */ = {
			isa = PBXFrameworksBuildPhase;
			buildActionMask = 2147483647;
			files = (
			);
			runOnlyForDeploymentPostprocessing = 0;
		};
		5F3A1CAB1F528FD5001895DB /* Frameworks */ = {
			isa = PBXFrameworksBuildPhase;
			buildActionMask = 2147483647;
			files = (
				0A0FBF7AC09FFABFA1F7A96E /* Pods_VideoCat.framework in Frameworks */,
			);
			runOnlyForDeploymentPostprocessing = 0;
		};
/* End PBXFrameworksBuildPhase section */

/* Begin PBXGroup section */
		22D487D8ECEE4CF837325708 /* Frameworks */ = {
			isa = PBXGroup;
			children = (
				3E076CE63B9D46D6BEB25CF3 /* Pods_VideoCat.framework */,
			);
			name = Frameworks;
			sourceTree = "<group>";
		};
		5F01AFF81F741D350049CD3A /* Track */ = {
			isa = PBXGroup;
			children = (
				5F01AFFC1F741E0E0049CD3A /* TrackPanel.swift */,
				5F29D2321F73F25B00D41F50 /* TrackItem.swift */,
				5F29D2341F73F41900D41F50 /* TrackConfiguration.swift */,
				5F29D2361F73FEE200D41F50 /* TrackResource.swift */,
				5F29D2381F740D9300D41F50 /* TrackVideoResource.swift */,
				5F01B00D1F77EDD30049CD3A /* TrackVideoAssetResource.swift */,
			);
			path = Track;
			sourceTree = "<group>";
		};
		5F01AFF91F741D440049CD3A /* Composition */ = {
			isa = PBXGroup;
			children = (
				5F01AFFA1F741D570049CD3A /* TrackComposition.swift */,
			);
			path = Composition;
			sourceTree = "<group>";
		};
		5F01B0001F7794440049CD3A /* Main */ = {
			isa = PBXGroup;
			children = (
				5F01B0161F7BD1D00049CD3A /* TimeRangePickerView */,
				5F01B0111F7948DD0049CD3A /* Player */,
				5F01B0051F77A07A0049CD3A /* Util */,
				5F01B0011F7794740049CD3A /* ViewControllers */,
				5F3A1CB11F528FD5001895DB /* AppDelegate.swift */,
			);
			path = Main;
			sourceTree = "<group>";
		};
		5F01B0011F7794740049CD3A /* ViewControllers */ = {
			isa = PBXGroup;
			children = (
				5F01B0081F77A2220049CD3A /* ViewModel */,
				5F01B0021F779B990049CD3A /* View */,
				5F3A1CB31F528FD5001895DB /* ViewController.swift */,
				5F01AFFE1F7794370049CD3A /* AssetsViewController.swift */,
				5F01B00F1F79447B0049CD3A /* PrepareVideoViewController.swift */,
			);
			path = ViewControllers;
			sourceTree = "<group>";
		};
		5F01B0021F779B990049CD3A /* View */ = {
			isa = PBXGroup;
			children = (
				5F01B0031F779BEF0049CD3A /* AssetCell.swift */,
			);
			path = View;
			sourceTree = "<group>";
		};
		5F01B0051F77A07A0049CD3A /* Util */ = {
			isa = PBXGroup;
			children = (
				5F01B0061F77A08C0049CD3A /* StringExtension.swift */,
				5F01B00B1F77CF420049CD3A /* MBProgressExtension.swift */,
			);
			path = Util;
			sourceTree = "<group>";
		};
		5F01B0081F77A2220049CD3A /* ViewModel */ = {
			isa = PBXGroup;
			children = (
				5F01B0091F77A2460049CD3A /* AssetsViewModel.swift */,
			);
			path = ViewModel;
			sourceTree = "<group>";
		};
		5F01B0111F7948DD0049CD3A /* Player */ = {
			isa = PBXGroup;
			children = (
				5F01B0121F7949080049CD3A /* VIPlayerView.swift */,
				5F01B0141F794AD40049CD3A /* VIPlayer.swift */,
			);
			path = Player;
			sourceTree = "<group>";
		};
		5F01B0161F7BD1D00049CD3A /* TimeRangePickerView */ = {
			isa = PBXGroup;
			children = (
				5F01B0171F7BD1EF0049CD3A /* TimeRangePickerView.swift */,
				5F01B0201F7BDE540049CD3A /* WaveformView.swift */,
				5F01B0221F7BF34E0049CD3A /* VIAudioFile.swift */,
			);
			path = TimeRangePickerView;
			sourceTree = "<group>";
		};
		5F29D22B1F73E94500D41F50 /* CompositionCore */ = {
			isa = PBXGroup;
			children = (
				5F01AFF91F741D440049CD3A /* Composition */,
				5F01AFF81F741D350049CD3A /* Track */,
			);
			path = CompositionCore;
			sourceTree = "<group>";
		};
		5F29D22C1F73E96800D41F50 /* Resource */ = {
			isa = PBXGroup;
			children = (
				5F01B0261F7BFC0F0049CD3A /* Moon River.mp3 */,
				5F3A1CB51F528FD5001895DB /* Main.storyboard */,
				5F3A1CB81F528FD5001895DB /* Assets.xcassets */,
				5F3A1CBA1F528FD5001895DB /* LaunchScreen.storyboard */,
				5F3A1CBD1F528FD5001895DB /* Info.plist */,
			);
			path = Resource;
			sourceTree = "<group>";
		};
		5F29D23F1F74146700D41F50 /* VideoCatTests */ = {
			isa = PBXGroup;
			children = (
				5F29D2481F7414FD00D41F50 /* IMG_5242.MOV */,
				5F29D2401F74146700D41F50 /* VideoCatTests.swift */,
				5F29D2421F74146700D41F50 /* Info.plist */,
			);
			path = VideoCatTests;
			sourceTree = "<group>";
		};
		5F3A1CA51F528FD5001895DB = {
			isa = PBXGroup;
			children = (
				5F3A1CB01F528FD5001895DB /* VideoCat */,
				5F29D23F1F74146700D41F50 /* VideoCatTests */,
				5F3A1CAF1F528FD5001895DB /* Products */,
				A83E6A44B66AA4509E5FB9FD /* Pods */,
				22D487D8ECEE4CF837325708 /* Frameworks */,
			);
			sourceTree = "<group>";
		};
		5F3A1CAF1F528FD5001895DB /* Products */ = {
			isa = PBXGroup;
			children = (
				5F3A1CAE1F528FD5001895DB /* VideoCat.app */,
				5F29D23E1F74146700D41F50 /* VideoCatTests.xctest */,
			);
			name = Products;
			sourceTree = "<group>";
		};
		5F3A1CB01F528FD5001895DB /* VideoCat */ = {
			isa = PBXGroup;
			children = (
				5F01B0001F7794440049CD3A /* Main */,
				5F29D22B1F73E94500D41F50 /* CompositionCore */,
				5F29D22C1F73E96800D41F50 /* Resource */,
			);
			path = VideoCat;
			sourceTree = "<group>";
		};
		A83E6A44B66AA4509E5FB9FD /* Pods */ = {
			isa = PBXGroup;
			children = (
				8F389E46D65FD18BFE27928E /* Pods-VideoCat.debug.xcconfig */,
				630D23A14081B0921452CF60 /* Pods-VideoCat.release.xcconfig */,
			);
			name = Pods;
			sourceTree = "<group>";
		};
/* End PBXGroup section */

/* Begin PBXNativeTarget section */
		5F29D23D1F74146700D41F50 /* VideoCatTests */ = {
			isa = PBXNativeTarget;
			buildConfigurationList = 5F29D2451F74146700D41F50 /* Build configuration list for PBXNativeTarget "VideoCatTests" */;
			buildPhases = (
				5F29D23A1F74146700D41F50 /* Sources */,
				5F29D23B1F74146700D41F50 /* Frameworks */,
				5F29D23C1F74146700D41F50 /* Resources */,
			);
			buildRules = (
			);
			dependencies = (
				5F29D2441F74146700D41F50 /* PBXTargetDependency */,
			);
			name = VideoCatTests;
			productName = VideoCatTests;
			productReference = 5F29D23E1F74146700D41F50 /* VideoCatTests.xctest */;
			productType = "com.apple.product-type.bundle.unit-test";
		};
		5F3A1CAD1F528FD5001895DB /* VideoCat */ = {
			isa = PBXNativeTarget;
			buildConfigurationList = 5F3A1CC01F528FD5001895DB /* Build configuration list for PBXNativeTarget "VideoCat" */;
			buildPhases = (
				AD5D75ECC2AB3E03700E7DF2 /* [CP] Check Pods Manifest.lock */,
				5F3A1CAA1F528FD5001895DB /* Sources */,
				5F3A1CAB1F528FD5001895DB /* Frameworks */,
				5F3A1CAC1F528FD5001895DB /* Resources */,
				F3DDB32802E41BB82BE59D2C /* [CP] Embed Pods Frameworks */,
				C05827C3D87D7556D8A6F3AC /* [CP] Copy Pods Resources */,
			);
			buildRules = (
			);
			dependencies = (
			);
			name = VideoCat;
			productName = VideoCat;
			productReference = 5F3A1CAE1F528FD5001895DB /* VideoCat.app */;
			productType = "com.apple.product-type.application";
		};
/* End PBXNativeTarget section */

/* Begin PBXProject section */
		5F3A1CA61F528FD5001895DB /* Project object */ = {
			isa = PBXProject;
			attributes = {
				LastSwiftUpdateCheck = 0900;
				LastUpgradeCheck = 0900;
				ORGANIZATIONNAME = Vito;
				TargetAttributes = {
					5F29D23D1F74146700D41F50 = {
						CreatedOnToolsVersion = 9.0;
						DevelopmentTeam = ZZX7396L9W;
						ProvisioningStyle = Automatic;
						TestTargetID = 5F3A1CAD1F528FD5001895DB;
					};
					5F3A1CAD1F528FD5001895DB = {
						CreatedOnToolsVersion = 8.3.3;
						DevelopmentTeam = ZZX7396L9W;
						ProvisioningStyle = Automatic;
					};
				};
			};
			buildConfigurationList = 5F3A1CA91F528FD5001895DB /* Build configuration list for PBXProject "VideoCat" */;
			compatibilityVersion = "Xcode 3.2";
			developmentRegion = English;
			hasScannedForEncodings = 0;
			knownRegions = (
				en,
				Base,
			);
			mainGroup = 5F3A1CA51F528FD5001895DB;
			productRefGroup = 5F3A1CAF1F528FD5001895DB /* Products */;
			projectDirPath = "";
			projectRoot = "";
			targets = (
				5F3A1CAD1F528FD5001895DB /* VideoCat */,
				5F29D23D1F74146700D41F50 /* VideoCatTests */,
			);
		};
/* End PBXProject section */

/* Begin PBXResourcesBuildPhase section */
		5F29D23C1F74146700D41F50 /* Resources */ = {
			isa = PBXResourcesBuildPhase;
			buildActionMask = 2147483647;
			files = (
				5F01AFF61F7417AC0049CD3A /* IMG_5242.MOV in Resources */,
			);
			runOnlyForDeploymentPostprocessing = 0;
		};
		5F3A1CAC1F528FD5001895DB /* Resources */ = {
			isa = PBXResourcesBuildPhase;
			buildActionMask = 2147483647;
			files = (
				5F3A1CBC1F528FD5001895DB /* LaunchScreen.storyboard in Resources */,
				5F01B0271F7BFC140049CD3A /* Moon River.mp3 in Resources */,
				5F3A1CB91F528FD5001895DB /* Assets.xcassets in Resources */,
				5F3A1CB71F528FD5001895DB /* Main.storyboard in Resources */,
			);
			runOnlyForDeploymentPostprocessing = 0;
		};
/* End PBXResourcesBuildPhase section */

/* Begin PBXShellScriptBuildPhase section */
		AD5D75ECC2AB3E03700E7DF2 /* [CP] Check Pods Manifest.lock */ = {
			isa = PBXShellScriptBuildPhase;
			buildActionMask = 2147483647;
			files = (
			);
			inputPaths = (
			);
			name = "[CP] Check Pods Manifest.lock";
			outputPaths = (
			);
			runOnlyForDeploymentPostprocessing = 0;
			shellPath = /bin/sh;
			shellScript = "diff \"${PODS_PODFILE_DIR_PATH}/Podfile.lock\" \"${PODS_ROOT}/Manifest.lock\" > /dev/null\nif [ $? != 0 ] ; then\n    # print error to STDERR\n    echo \"error: The sandbox is not in sync with the Podfile.lock. Run 'pod install' or update your CocoaPods installation.\" >&2\n    exit 1\nfi\n";
			showEnvVarsInLog = 0;
		};
		C05827C3D87D7556D8A6F3AC /* [CP] Copy Pods Resources */ = {
			isa = PBXShellScriptBuildPhase;
			buildActionMask = 2147483647;
			files = (
			);
			inputPaths = (
			);
			name = "[CP] Copy Pods Resources";
			outputPaths = (
			);
			runOnlyForDeploymentPostprocessing = 0;
			shellPath = /bin/sh;
			shellScript = "\"${SRCROOT}/Pods/Target Support Files/Pods-VideoCat/Pods-VideoCat-resources.sh\"\n";
			showEnvVarsInLog = 0;
		};
		F3DDB32802E41BB82BE59D2C /* [CP] Embed Pods Frameworks */ = {
			isa = PBXShellScriptBuildPhase;
			buildActionMask = 2147483647;
			files = (
			);
			inputPaths = (
			);
			name = "[CP] Embed Pods Frameworks";
			outputPaths = (
			);
			runOnlyForDeploymentPostprocessing = 0;
			shellPath = /bin/sh;
			shellScript = "\"${SRCROOT}/Pods/Target Support Files/Pods-VideoCat/Pods-VideoCat-frameworks.sh\"\n";
			showEnvVarsInLog = 0;
		};
/* End PBXShellScriptBuildPhase section */

/* Begin PBXSourcesBuildPhase section */
		5F29D23A1F74146700D41F50 /* Sources */ = {
			isa = PBXSourcesBuildPhase;
			buildActionMask = 2147483647;
			files = (
				5F29D2411F74146700D41F50 /* VideoCatTests.swift in Sources */,
			);
			runOnlyForDeploymentPostprocessing = 0;
		};
		5F3A1CAA1F528FD5001895DB /* Sources */ = {
			isa = PBXSourcesBuildPhase;
			buildActionMask = 2147483647;
			files = (
				5F01B0151F794AD40049CD3A /* VIPlayer.swift in Sources */,
				5F01AFFD1F741E0E0049CD3A /* TrackPanel.swift in Sources */,
				5F29D2391F740D9300D41F50 /* TrackVideoResource.swift in Sources */,
				5F01B0041F779BEF0049CD3A /* AssetCell.swift in Sources */,
				5F01B0131F7949080049CD3A /* VIPlayerView.swift in Sources */,
				5F01B00A1F77A2460049CD3A /* AssetsViewModel.swift in Sources */,
				5F01B00E1F77EDD30049CD3A /* TrackVideoAssetResource.swift in Sources */,
				5F01AFFF1F7794370049CD3A /* AssetsViewController.swift in Sources */,
				5F29D2331F73F25B00D41F50 /* TrackItem.swift in Sources */,
				5F01B0231F7BF34E0049CD3A /* VIAudioFile.swift in Sources */,
				5F01B00C1F77CF420049CD3A /* MBProgressExtension.swift in Sources */,
				5F29D2371F73FEE200D41F50 /* TrackResource.swift in Sources */,
				5F3A1CB41F528FD5001895DB /* ViewController.swift in Sources */,
				5F01AFFB1F741D570049CD3A /* TrackComposition.swift in Sources */,
				5F01B0181F7BD1EF0049CD3A /* TimeRangePickerView.swift in Sources */,
				5F3A1CB21F528FD5001895DB /* AppDelegate.swift in Sources */,
				5F01B0211F7BDE540049CD3A /* WaveformView.swift in Sources */,
				5F01B0071F77A08C0049CD3A /* StringExtension.swift in Sources */,
				5F01B0101F79447B0049CD3A /* PrepareVideoViewController.swift in Sources */,
				5F29D2351F73F41900D41F50 /* TrackConfiguration.swift in Sources */,
			);
			runOnlyForDeploymentPostprocessing = 0;
		};
/* End PBXSourcesBuildPhase section */

/* Begin PBXTargetDependency section */
		5F29D2441F74146700D41F50 /* PBXTargetDependency */ = {
			isa = PBXTargetDependency;
			target = 5F3A1CAD1F528FD5001895DB /* VideoCat */;
			targetProxy = 5F29D2431F74146700D41F50 /* PBXContainerItemProxy */;
		};
/* End PBXTargetDependency section */

/* Begin PBXVariantGroup section */
		5F3A1CB51F528FD5001895DB /* Main.storyboard */ = {
			isa = PBXVariantGroup;
			children = (
				5F3A1CB61F528FD5001895DB /* Base */,
			);
			name = Main.storyboard;
			sourceTree = "<group>";
		};
		5F3A1CBA1F528FD5001895DB /* LaunchScreen.storyboard */ = {
			isa = PBXVariantGroup;
			children = (
				5F3A1CBB1F528FD5001895DB /* Base */,
			);
			name = LaunchScreen.storyboard;
			sourceTree = "<group>";
		};
/* End PBXVariantGroup section */

/* Begin XCBuildConfiguration section */
		5F29D2461F74146700D41F50 /* Debug */ = {
			isa = XCBuildConfiguration;
			buildSettings = {
				BUNDLE_LOADER = "$(TEST_HOST)";
				CLANG_CXX_LANGUAGE_STANDARD = "gnu++14";
				CLANG_WARN_UNGUARDED_AVAILABILITY = YES_AGGRESSIVE;
				CODE_SIGN_IDENTITY = "iPhone Developer";
				CODE_SIGN_STYLE = Automatic;
				DEVELOPMENT_TEAM = ZZX7396L9W;
				GCC_C_LANGUAGE_STANDARD = gnu11;
				INFOPLIST_FILE = VideoCatTests/Info.plist;
				LD_RUNPATH_SEARCH_PATHS = "$(inherited) @executable_path/Frameworks @loader_path/Frameworks";
				PRODUCT_BUNDLE_IDENTIFIER = com.vito.VideoCatTests;
				PRODUCT_NAME = "$(TARGET_NAME)";
				SWIFT_VERSION = 4.0;
				TARGETED_DEVICE_FAMILY = "1,2";
				TEST_HOST = "$(BUILT_PRODUCTS_DIR)/VideoCat.app/VideoCat";
			};
			name = Debug;
		};
		5F29D2471F74146700D41F50 /* Release */ = {
			isa = XCBuildConfiguration;
			buildSettings = {
				BUNDLE_LOADER = "$(TEST_HOST)";
				CLANG_CXX_LANGUAGE_STANDARD = "gnu++14";
				CLANG_WARN_UNGUARDED_AVAILABILITY = YES_AGGRESSIVE;
				CODE_SIGN_IDENTITY = "iPhone Developer";
				CODE_SIGN_STYLE = Automatic;
				DEVELOPMENT_TEAM = ZZX7396L9W;
				GCC_C_LANGUAGE_STANDARD = gnu11;
				INFOPLIST_FILE = VideoCatTests/Info.plist;
				LD_RUNPATH_SEARCH_PATHS = "$(inherited) @executable_path/Frameworks @loader_path/Frameworks";
				PRODUCT_BUNDLE_IDENTIFIER = com.vito.VideoCatTests;
				PRODUCT_NAME = "$(TARGET_NAME)";
				SWIFT_VERSION = 4.0;
				TARGETED_DEVICE_FAMILY = "1,2";
				TEST_HOST = "$(BUILT_PRODUCTS_DIR)/VideoCat.app/VideoCat";
			};
			name = Release;
		};
		5F3A1CBE1F528FD5001895DB /* Debug */ = {
			isa = XCBuildConfiguration;
			buildSettings = {
				ALWAYS_SEARCH_USER_PATHS = NO;
				CLANG_ANALYZER_NONNULL = YES;
				CLANG_ANALYZER_NUMBER_OBJECT_CONVERSION = YES_AGGRESSIVE;
				CLANG_CXX_LANGUAGE_STANDARD = "gnu++0x";
				CLANG_CXX_LIBRARY = "libc++";
				CLANG_ENABLE_MODULES = YES;
				CLANG_ENABLE_OBJC_ARC = YES;
				CLANG_WARN_BLOCK_CAPTURE_AUTORELEASING = YES;
				CLANG_WARN_BOOL_CONVERSION = YES;
				CLANG_WARN_COMMA = YES;
				CLANG_WARN_CONSTANT_CONVERSION = YES;
				CLANG_WARN_DIRECT_OBJC_ISA_USAGE = YES_ERROR;
				CLANG_WARN_DOCUMENTATION_COMMENTS = YES;
				CLANG_WARN_EMPTY_BODY = YES;
				CLANG_WARN_ENUM_CONVERSION = YES;
				CLANG_WARN_INFINITE_RECURSION = YES;
				CLANG_WARN_INT_CONVERSION = YES;
				CLANG_WARN_NON_LITERAL_NULL_CONVERSION = YES;
				CLANG_WARN_OBJC_LITERAL_CONVERSION = YES;
				CLANG_WARN_OBJC_ROOT_CLASS = YES_ERROR;
				CLANG_WARN_RANGE_LOOP_ANALYSIS = YES;
				CLANG_WARN_STRICT_PROTOTYPES = YES;
				CLANG_WARN_SUSPICIOUS_MOVE = YES;
				CLANG_WARN_UNREACHABLE_CODE = YES;
				CLANG_WARN__DUPLICATE_METHOD_MATCH = YES;
				"CODE_SIGN_IDENTITY[sdk=iphoneos*]" = "iPhone Developer";
				COPY_PHASE_STRIP = NO;
				DEBUG_INFORMATION_FORMAT = dwarf;
				ENABLE_STRICT_OBJC_MSGSEND = YES;
				ENABLE_TESTABILITY = YES;
				GCC_C_LANGUAGE_STANDARD = gnu99;
				GCC_DYNAMIC_NO_PIC = NO;
				GCC_NO_COMMON_BLOCKS = YES;
				GCC_OPTIMIZATION_LEVEL = 0;
				GCC_PREPROCESSOR_DEFINITIONS = (
					"DEBUG=1",
					"$(inherited)",
				);
				GCC_WARN_64_TO_32_BIT_CONVERSION = YES;
				GCC_WARN_ABOUT_RETURN_TYPE = YES_ERROR;
				GCC_WARN_UNDECLARED_SELECTOR = YES;
				GCC_WARN_UNINITIALIZED_AUTOS = YES_AGGRESSIVE;
				GCC_WARN_UNUSED_FUNCTION = YES;
				GCC_WARN_UNUSED_VARIABLE = YES;
				IPHONEOS_DEPLOYMENT_TARGET = 11.0;
				MTL_ENABLE_DEBUG_INFO = YES;
				ONLY_ACTIVE_ARCH = YES;
				SDKROOT = iphoneos;
				SWIFT_ACTIVE_COMPILATION_CONDITIONS = DEBUG;
				SWIFT_OPTIMIZATION_LEVEL = "-Onone";
			};
			name = Debug;
		};
		5F3A1CBF1F528FD5001895DB /* Release */ = {
			isa = XCBuildConfiguration;
			buildSettings = {
				ALWAYS_SEARCH_USER_PATHS = NO;
				CLANG_ANALYZER_NONNULL = YES;
				CLANG_ANALYZER_NUMBER_OBJECT_CONVERSION = YES_AGGRESSIVE;
				CLANG_CXX_LANGUAGE_STANDARD = "gnu++0x";
				CLANG_CXX_LIBRARY = "libc++";
				CLANG_ENABLE_MODULES = YES;
				CLANG_ENABLE_OBJC_ARC = YES;
				CLANG_WARN_BLOCK_CAPTURE_AUTORELEASING = YES;
				CLANG_WARN_BOOL_CONVERSION = YES;
				CLANG_WARN_COMMA = YES;
				CLANG_WARN_CONSTANT_CONVERSION = YES;
				CLANG_WARN_DIRECT_OBJC_ISA_USAGE = YES_ERROR;
				CLANG_WARN_DOCUMENTATION_COMMENTS = YES;
				CLANG_WARN_EMPTY_BODY = YES;
				CLANG_WARN_ENUM_CONVERSION = YES;
				CLANG_WARN_INFINITE_RECURSION = YES;
				CLANG_WARN_INT_CONVERSION = YES;
				CLANG_WARN_NON_LITERAL_NULL_CONVERSION = YES;
				CLANG_WARN_OBJC_LITERAL_CONVERSION = YES;
				CLANG_WARN_OBJC_ROOT_CLASS = YES_ERROR;
				CLANG_WARN_RANGE_LOOP_ANALYSIS = YES;
				CLANG_WARN_STRICT_PROTOTYPES = YES;
				CLANG_WARN_SUSPICIOUS_MOVE = YES;
				CLANG_WARN_UNREACHABLE_CODE = YES;
				CLANG_WARN__DUPLICATE_METHOD_MATCH = YES;
				"CODE_SIGN_IDENTITY[sdk=iphoneos*]" = "iPhone Developer";
				COPY_PHASE_STRIP = NO;
				DEBUG_INFORMATION_FORMAT = "dwarf-with-dsym";
				ENABLE_NS_ASSERTIONS = NO;
				ENABLE_STRICT_OBJC_MSGSEND = YES;
				GCC_C_LANGUAGE_STANDARD = gnu99;
				GCC_NO_COMMON_BLOCKS = YES;
				GCC_WARN_64_TO_32_BIT_CONVERSION = YES;
				GCC_WARN_ABOUT_RETURN_TYPE = YES_ERROR;
				GCC_WARN_UNDECLARED_SELECTOR = YES;
				GCC_WARN_UNINITIALIZED_AUTOS = YES_AGGRESSIVE;
				GCC_WARN_UNUSED_FUNCTION = YES;
				GCC_WARN_UNUSED_VARIABLE = YES;
				IPHONEOS_DEPLOYMENT_TARGET = 11.0;
				MTL_ENABLE_DEBUG_INFO = NO;
				SDKROOT = iphoneos;
				SWIFT_OPTIMIZATION_LEVEL = "-Owholemodule";
				VALIDATE_PRODUCT = YES;
			};
			name = Release;
		};
		5F3A1CC11F528FD5001895DB /* Debug */ = {
			isa = XCBuildConfiguration;
			baseConfigurationReference = 8F389E46D65FD18BFE27928E /* Pods-VideoCat.debug.xcconfig */;
			buildSettings = {
				ASSETCATALOG_COMPILER_APPICON_NAME = AppIcon;
				DEVELOPMENT_TEAM = ZZX7396L9W;
				INFOPLIST_FILE = "$(SRCROOT)/VideoCat/Resource/Info.plist";
				LD_RUNPATH_SEARCH_PATHS = "$(inherited) @executable_path/Frameworks";
				PRODUCT_BUNDLE_IDENTIFIER = com.vito.VideoCat;
				PRODUCT_NAME = "$(TARGET_NAME)";
				SWIFT_VERSION = 4.0;
			};
			name = Debug;
		};
		5F3A1CC21F528FD5001895DB /* Release */ = {
			isa = XCBuildConfiguration;
			baseConfigurationReference = 630D23A14081B0921452CF60 /* Pods-VideoCat.release.xcconfig */;
			buildSettings = {
				ASSETCATALOG_COMPILER_APPICON_NAME = AppIcon;
				DEVELOPMENT_TEAM = ZZX7396L9W;
				INFOPLIST_FILE = "$(SRCROOT)/VideoCat/Resource/Info.plist";
				LD_RUNPATH_SEARCH_PATHS = "$(inherited) @executable_path/Frameworks";
				PRODUCT_BUNDLE_IDENTIFIER = com.vito.VideoCat;
				PRODUCT_NAME = "$(TARGET_NAME)";
				SWIFT_VERSION = 4.0;
			};
			name = Release;
		};
/* End XCBuildConfiguration section */

/* Begin XCConfigurationList section */
		5F29D2451F74146700D41F50 /* Build configuration list for PBXNativeTarget "VideoCatTests" */ = {
			isa = XCConfigurationList;
			buildConfigurations = (
				5F29D2461F74146700D41F50 /* Debug */,
				5F29D2471F74146700D41F50 /* Release */,
			);
			defaultConfigurationIsVisible = 0;
			defaultConfigurationName = Release;
		};
		5F3A1CA91F528FD5001895DB /* Build configuration list for PBXProject "VideoCat" */ = {
			isa = XCConfigurationList;
			buildConfigurations = (
				5F3A1CBE1F528FD5001895DB /* Debug */,
				5F3A1CBF1F528FD5001895DB /* Release */,
			);
			defaultConfigurationIsVisible = 0;
			defaultConfigurationName = Release;
		};
		5F3A1CC01F528FD5001895DB /* Build configuration list for PBXNativeTarget "VideoCat" */ = {
			isa = XCConfigurationList;
			buildConfigurations = (
				5F3A1CC11F528FD5001895DB /* Debug */,
				5F3A1CC21F528FD5001895DB /* Release */,
			);
			defaultConfigurationIsVisible = 0;
			defaultConfigurationName = Release;
		};
/* End XCConfigurationList section */
	};
	rootObject = 5F3A1CA61F528FD5001895DB /* Project object */;
}
